
Microsoft Visual Studio Solution File, Format Version 12.00
# Visual Studio 14
VisualStudioVersion = 14.0.25420.1
MinimumVisualStudioVersion = 10.0.40219.1
Project("{9092AA53-FB77-4645-B42D-1CCCA6BD08BD}") = "hackserver", "hackserver\hackserver.njsproj", "{5020F889-9503-4BF7-A572-FA09DBE75981}"
EndProject
Project("{262852C6-CD72-467D-83FE-5EEB1973A190}") = "clientapp", "clientapp\clientapp.jsproj", "{A9E7967F-158E-43ED-8331-037811C4009F}"
EndProject
Global
	GlobalSection(SolutionConfigurationPlatforms) = preSolution
		Debug|Android = Debug|Android
		Debug|Any CPU = Debug|Any CPU
		Debug|iOS = Debug|iOS
		Debug|Windows Phone (Universal) = Debug|Windows Phone (Universal)
		Debug|Windows Phone 8 = Debug|Windows Phone 8
		Debug|Windows-AnyCPU = Debug|Windows-AnyCPU
		Debug|Windows-ARM = Debug|Windows-ARM
		Debug|Windows-x64 = Debug|Windows-x64
		Debug|Windows-x86 = Debug|Windows-x86
		Release|Android = Release|Android
		Release|Any CPU = Release|Any CPU
		Release|iOS = Release|iOS
		Release|Windows Phone (Universal) = Release|Windows Phone (Universal)
		Release|Windows Phone 8 = Release|Windows Phone 8
		Release|Windows-AnyCPU = Release|Windows-AnyCPU
		Release|Windows-ARM = Release|Windows-ARM
		Release|Windows-x64 = Release|Windows-x64
		Release|Windows-x86 = Release|Windows-x86
	EndGlobalSection
	GlobalSection(ProjectConfigurationPlatforms) = postSolution
		{5020F889-9503-4BF7-A572-FA09DBE75981}.Debug|Android.ActiveCfg = Debug|Any CPU
		{5020F889-9503-4BF7-A572-FA09DBE75981}.Debug|Android.Build.0 = Debug|Any CPU
		{5020F889-9503-4BF7-A572-FA09DBE75981}.Debug|Any CPU.ActiveCfg = Debug|Any CPU
		{5020F889-9503-4BF7-A572-FA09DBE75981}.Debug|Any CPU.Build.0 = Debug|Any CPU
		{5020F889-9503-4BF7-A572-FA09DBE75981}.Debug|iOS.ActiveCfg = Debug|Any CPU
		{5020F889-9503-4BF7-A572-FA09DBE75981}.Debug|iOS.Build.0 = Debug|Any CPU
		{5020F889-9503-4BF7-A572-FA09DBE75981}.Debug|Windows Phone (Universal).ActiveCfg = Debug|Any CPU
		{5020F889-9503-4BF7-A572-FA09DBE75981}.Debug|Windows Phone (Universal).Build.0 = Debug|Any CPU
		{5020F889-9503-4BF7-A572-FA09DBE75981}.Debug|Windows Phone 8.ActiveCfg = Debug|Any CPU
		{5020F889-9503-4BF7-A572-FA09DBE75981}.Debug|Windows Phone 8.Build.0 = Debug|Any CPU
		{5020F889-9503-4BF7-A572-FA09DBE75981}.Debug|Windows-AnyCPU.ActiveCfg = Debug|Any CPU
		{5020F889-9503-4BF7-A572-FA09DBE75981}.Debug|Windows-AnyCPU.Build.0 = Debug|Any CPU
		{5020F889-9503-4BF7-A572-FA09DBE75981}.Debug|Windows-ARM.ActiveCfg = Debug|Any CPU
		{5020F889-9503-4BF7-A572-FA09DBE75981}.Debug|Windows-ARM.Build.0 = Debug|Any CPU
		{5020F889-9503-4BF7-A572-FA09DBE75981}.Debug|Windows-x64.ActiveCfg = Debug|Any CPU
		{5020F889-9503-4BF7-A572-FA09DBE75981}.Debug|Windows-x64.Build.0 = Debug|Any CPU
		{5020F889-9503-4BF7-A572-FA09DBE75981}.Debug|Windows-x86.ActiveCfg = Debug|Any CPU
		{5020F889-9503-4BF7-A572-FA09DBE75981}.Debug|Windows-x86.Build.0 = Debug|Any CPU
		{5020F889-9503-4BF7-A572-FA09DBE75981}.Release|Android.ActiveCfg = Release|Any CPU
		{5020F889-9503-4BF7-A572-FA09DBE75981}.Release|Android.Build.0 = Release|Any CPU
		{5020F889-9503-4BF7-A572-FA09DBE75981}.Release|Any CPU.ActiveCfg = Release|Any CPU
		{5020F889-9503-4BF7-A572-FA09DBE75981}.Release|Any CPU.Build.0 = Release|Any CPU
		{5020F889-9503-4BF7-A572-FA09DBE75981}.Release|iOS.ActiveCfg = Release|Any CPU
		{5020F889-9503-4BF7-A572-FA09DBE75981}.Release|iOS.Build.0 = Release|Any CPU
		{5020F889-9503-4BF7-A572-FA09DBE75981}.Release|Windows Phone (Universal).ActiveCfg = Release|Any CPU
		{5020F889-9503-4BF7-A572-FA09DBE75981}.Release|Windows Phone (Universal).Build.0 = Release|Any CPU
		{5020F889-9503-4BF7-A572-FA09DBE75981}.Release|Windows Phone 8.ActiveCfg = Release|Any CPU
		{5020F889-9503-4BF7-A572-FA09DBE75981}.Release|Windows Phone 8.Build.0 = Release|Any CPU
		{5020F889-9503-4BF7-A572-FA09DBE75981}.Release|Windows-AnyCPU.ActiveCfg = Release|Any CPU
		{5020F889-9503-4BF7-A572-FA09DBE75981}.Release|Windows-AnyCPU.Build.0 = Release|Any CPU
		{5020F889-9503-4BF7-A572-FA09DBE75981}.Release|Windows-ARM.ActiveCfg = Release|Any CPU
		{5020F889-9503-4BF7-A572-FA09DBE75981}.Release|Windows-ARM.Build.0 = Release|Any CPU
		{5020F889-9503-4BF7-A572-FA09DBE75981}.Release|Windows-x64.ActiveCfg = Release|Any CPU
		{5020F889-9503-4BF7-A572-FA09DBE75981}.Release|Windows-x64.Build.0 = Release|Any CPU
		{5020F889-9503-4BF7-A572-FA09DBE75981}.Release|Windows-x86.ActiveCfg = Release|Any CPU
		{5020F889-9503-4BF7-A572-FA09DBE75981}.Release|Windows-x86.Build.0 = Release|Any CPU
		{A9E7967F-158E-43ED-8331-037811C4009F}.Debug|Android.ActiveCfg = Debug|Android
		{A9E7967F-158E-43ED-8331-037811C4009F}.Debug|Android.Build.0 = Debug|Android
		{A9E7967F-158E-43ED-8331-037811C4009F}.Debug|Android.Deploy.0 = Debug|Android
		{A9E7967F-158E-43ED-8331-037811C4009F}.Debug|Any CPU.ActiveCfg = Debug|Android
		{A9E7967F-158E-43ED-8331-037811C4009F}.Debug|Any CPU.Deploy.0 = Debug|Android
		{A9E7967F-158E-43ED-8331-037811C4009F}.Debug|iOS.ActiveCfg = Debug|iOS
		{A9E7967F-158E-43ED-8331-037811C4009F}.Debug|iOS.Build.0 = Debug|iOS
		{A9E7967F-158E-43ED-8331-037811C4009F}.Debug|iOS.Deploy.0 = Debug|iOS
		{A9E7967F-158E-43ED-8331-037811C4009F}.Debug|Windows Phone (Universal).ActiveCfg = Debug|Windows Phone (Universal)
		{A9E7967F-158E-43ED-8331-037811C4009F}.Debug|Windows Phone (Universal).Build.0 = Debug|Windows Phone (Universal)
		{A9E7967F-158E-43ED-8331-037811C4009F}.Debug|Windows Phone (Universal).Deploy.0 = Debug|Windows Phone (Universal)
		{A9E7967F-158E-43ED-8331-037811C4009F}.Debug|Windows Phone 8.ActiveCfg = Debug|Windows Phone 8
		{A9E7967F-158E-43ED-8331-037811C4009F}.Debug|Windows Phone 8.Build.0 = Debug|Windows Phone 8
		{A9E7967F-158E-43ED-8331-037811C4009F}.Debug|Windows Phone 8.Deploy.0 = Debug|Windows Phone 8
		{A9E7967F-158E-43ED-8331-037811C4009F}.Debug|Windows-AnyCPU.ActiveCfg = Debug|Windows-AnyCPU
		{A9E7967F-158E-43ED-8331-037811C4009F}.Debug|Windows-AnyCPU.Build.0 = Debug|Windows-AnyCPU
		{A9E7967F-158E-43ED-8331-037811C4009F}.Debug|Windows-AnyCPU.Deploy.0 = Debug|Windows-AnyCPU
		{A9E7967F-158E-43ED-8331-037811C4009F}.Debug|Windows-ARM.ActiveCfg = Debug|Windows-ARM
		{A9E7967F-158E-43ED-8331-037811C4009F}.Debug|Windows-ARM.Build.0 = Debug|Windows-ARM
		{A9E7967F-158E-43ED-8331-037811C4009F}.Debug|Windows-ARM.Deploy.0 = Debug|Windows-ARM
		{A9E7967F-158E-43ED-8331-037811C4009F}.Debug|Windows-x64.ActiveCfg = Debug|Windows-x64
		{A9E7967F-158E-43ED-8331-037811C4009F}.Debug|Windows-x64.Build.0 = Debug|Windows-x64
		{A9E7967F-158E-43ED-8331-037811C4009F}.Debug|Windows-x64.Deploy.0 = Debug|Windows-x64
		{A9E7967F-158E-43ED-8331-037811C4009F}.Debug|Windows-x86.ActiveCfg = Debug|Windows-x86
		{A9E7967F-158E-43ED-8331-037811C4009F}.Debug|Windows-x86.Build.0 = Debug|Windows-x86
		{A9E7967F-158E-43ED-8331-037811C4009F}.Debug|Windows-x86.Deploy.0 = Debug|Windows-x86
		{A9E7967F-158E-43ED-8331-037811C4009F}.Release|Android.ActiveCfg = Release|Android
		{A9E7967F-158E-43ED-8331-037811C4009F}.Release|Android.Build.0 = Release|Android
		{A9E7967F-158E-43ED-8331-037811C4009F}.Release|Android.Deploy.0 = Release|Android
		{A9E7967F-158E-43ED-8331-037811C4009F}.Release|Any CPU.ActiveCfg = Release|Android
		{A9E7967F-158E-43ED-8331-037811C4009F}.Release|iOS.ActiveCfg = Release|iOS
		{A9E7967F-158E-43ED-8331-037811C4009F}.Release|iOS.Build.0 = Release|iOS
		{A9E7967F-158E-43ED-8331-037811C4009F}.Release|iOS.Deploy.0 = Release|iOS
		{A9E7967F-158E-43ED-8331-037811C4009F}.Release|Windows Phone (Universal).ActiveCfg = Release|Windows Phone (Universal)
		{A9E7967F-158E-43ED-8331-037811C4009F}.Release|Windows Phone (Universal).Build.0 = Release|Windows Phone (Universal)
		{A9E7967F-158E-43ED-8331-037811C4009F}.Release|Windows Phone (Universal).Deploy.0 = Release|Windows Phone (Universal)
		{A9E7967F-158E-43ED-8331-037811C4009F}.Release|Windows Phone 8.ActiveCfg = Release|Windows Phone 8
		{A9E7967F-158E-43ED-8331-037811C4009F}.Release|Windows Phone 8.Build.0 = Release|Windows Phone 8
		{A9E7967F-158E-43ED-8331-037811C4009F}.Release|Windows Phone 8.Deploy.0 = Release|Windows Phone 8
		{A9E7967F-158E-43ED-8331-037811C4009F}.Release|Windows-AnyCPU.ActiveCfg = Release|Windows-AnyCPU
		{A9E7967F-158E-43ED-8331-037811C4009F}.Release|Windows-AnyCPU.Build.0 = Release|Windows-AnyCPU
		{A9E7967F-158E-43ED-8331-037811C4009F}.Release|Windows-AnyCPU.Deploy.0 = Release|Windows-AnyCPU
		{A9E7967F-158E-43ED-8331-037811C4009F}.Release|Windows-ARM.ActiveCfg = Release|Windows-ARM
		{A9E7967F-158E-43ED-8331-037811C4009F}.Release|Windows-ARM.Build.0 = Release|Windows-ARM
		{A9E7967F-158E-43ED-8331-037811C4009F}.Release|Windows-ARM.Deploy.0 = Release|Windows-ARM
		{A9E7967F-158E-43ED-8331-037811C4009F}.Release|Windows-x64.ActiveCfg = Release|Windows-x64
		{A9E7967F-158E-43ED-8331-037811C4009F}.Release|Windows-x64.Build.0 = Release|Windows-x64
		{A9E7967F-158E-43ED-8331-037811C4009F}.Release|Windows-x64.Deploy.0 = Release|Windows-x64
		{A9E7967F-158E-43ED-8331-037811C4009F}.Release|Windows-x86.ActiveCfg = Release|Windows-x86
		{A9E7967F-158E-43ED-8331-037811C4009F}.Release|Windows-x86.Build.0 = Release|Windows-x86
		{A9E7967F-158E-43ED-8331-037811C4009F}.Release|Windows-x86.Deploy.0 = Release|Windows-x86
	EndGlobalSection
	GlobalSection(SolutionProperties) = preSolution
		HideSolutionNode = FALSE
	EndGlobalSection
EndGlobal
